lockfileVersion: '9.0'

settings:
  autoInstallPeers: true
  excludeLinksFromLockfile: false

importers:

  .:
    dependencies:
      motion:
        specifier: ^13.0.0
        version: 13.0.0
      three:
        specifier: 0.180.0
        version: 0.180.0

packages:

  framer-motion@13.0.0:
    resolution: {integrity: sha512-nQGZXlsiigN48nzvE7AL1GLekql+etcphp8v+PQ0X04oxO20yVmV9rU9XQ25c136RdeIYoaWlKT9oAwvJza3mg==}
    peerDependencies:
      react: ^18.0.0 || ^19.0.0
      react-dom: ^18.0.0 || ^19.0.0
    peerDependenciesMeta:
      react:
        optional: true
      react-dom:
        optional: true

  motion-dom@13.0.0:
    resolution: {integrity: sha512-Xk+SJas70uMAUIApg+m3lZDShxI3LBFHq7mFGbBKoRXc2PVPDyAKmzN64Bbzt4CZdP/CItTiJxWtn4TA0v53Ng==}

  motion-utils@13.0.0:
    resolution: {integrity: sha512-7DnN7TmbLcYXcG4RVadXIihWlyuM9afoUww8Y5Agg431kGKiuL2/OMyP4mJ5wLz+pvN3t5ySClLOaVXJ+wekRQ==}

  motion@13.0.0:
    resolution: {integrity: sha512-RYZjEpgHUCKjBNqjmUQzW93VJWLvEZGTPdKRFSqOdOl07IIMvz+WrsZmD1XXAkoFLruW/8bO1L7UF+ViQTxtLg==}
    peerDependencies:
      react: ^18.0.0 || ^19.0.0
      react-dom: ^18.0.0 || ^19.0.0
    peerDependenciesMeta:
      react:
        optional: true
      react-dom:
        optional: true

  three@0.180.0:
    resolution: {integrity: sha512-o+qycAMZrh+TsE01GqWUxUIKR1AL0S8pq7zDkYOQw8GqfX8b8VoCKYUoHbhiX5j+7hr8XsuHDVU6+gkQJQKg9w==}

  tslib@2.8.1:
    resolution: {integrity: sha512-oJFu94HQb+KVduSUQL7wnpmqnfmLsOA/nAh6b6EH0wCEoK0/mPeXU6c3wKDV83MkOuHPRHtSXKKU99IBazS/2w==}

snapshots:

  framer-motion@13.0.0:
    dependencies:
      motion-dom: 13.0.0
      motion-utils: 13.0.0
      tslib: 2.8.1

  motion-dom@13.0.0:
    dependencies:
      motion-utils: 13.0.0

  motion-utils@13.0.0: {}

  motion@13.0.0:
    dependencies:
      framer-motion: 13.0.0
      tslib: 2.8.1

  three@0.180.0: {}

  tslib@2.8.1: {}
